
Microsoft Visual Studio Solution File, Format Version 12.00
# Visual Studio Version 17
VisualStudioVersion = 17.11.35327.3
MinimumVisualStudioVersion = 10.0.40219.1
Project("{C9674DCB-5085-4A16-B785-4C70DD1589BD}") = "SSIS_SolidWaste_TaxCollector_HS_WI_FileProcessing", "SSIS_SolidWaste_TaxCollector_HS_WI_FileProcessing.dtproj", "{55D6F343-4142-4880-8DCB-6F5C20ABDA05}"
EndProject
Global
	GlobalSection(SolutionConfigurationPlatforms) = preSolution
		Development|Default = Development|Default
	EndGlobalSection
	GlobalSection(ProjectConfigurationPlatforms) = postSolution
		{55D6F343-4142-4880-8DCB-6F5C20ABDA05}.Development|Default.ActiveCfg = Development
		{55D6F343-4142-4880-8DCB-6F5C20ABDA05}.Development|Default.Build.0 = Development
	EndGlobalSection
	GlobalSection(SolutionProperties) = preSolution
		HideSolutionNode = FALSE
	EndGlobalSection
	GlobalSection(ExtensibilityGlobals) = postSolution
		SolutionGuid = {D8B93443-2F16-4D33-992F-B8DC1DBFCB0E}
	EndGlobalSection
EndGlobal
